{
  "name": "loader",
  "version": "1.0.0",
  "lockfileVersion": 1,
  "requires": true,
  "dependencies": {
    "loader-runner": {
      "version": "4.2.0",
      "resolved": "https://registry.nlark.com/loader-runner/download/loader-runner-4.2.0.tgz",
      "integrity": "sha1-1wIjgNZtFMX7HUlriYZOvP1Hg4Q="
    }
  }
}
